// !$*UTF8*$!
{
	archiveVersion = 1;
	classes = {
	};
	objectVersion = 56;
	objects = {

/* Begin PBXBuildFile section */
		2012EF642AAF479400B01688 /* DtBackButton.swift in Sources */ = {isa = PBXBuildFile; fileRef = 2012EF632AAF479400B01688 /* DtBackButton.swift */; };
		2012EF662AAF719C00B01688 /* DtTermsAndConditions.swift in Sources */ = {isa = PBXBuildFile; fileRef = 2012EF652AAF719C00B01688 /* DtTermsAndConditions.swift */; };
		2076AF2E2AB080DB00AF5E11 /* String+extension.swift in Sources */ = {isa = PBXBuildFile; fileRef = 2076AF2D2AB080DB00AF5E11 /* String+extension.swift */; };
		2076AF302AB085F400AF5E11 /* Image+extension.swift in Sources */ = {isa = PBXBuildFile; fileRef = 2076AF2F2AB085F400AF5E11 /* Image+extension.swift */; };
		20BF9D932AB1BE85008B3CEB /* RegSelectGenderView.swift in Sources */ = {isa = PBXBuildFile; fileRef = 20BF9D922AB1BE85008B3CEB /* RegSelectGenderView.swift */; };
		20C081052AB1E1B200BB2910 /* RegEmailView.swift in Sources */ = {isa = PBXBuildFile; fileRef = 20C081042AB1E1B200BB2910 /* RegEmailView.swift */; };
		20C081072AB1E1D400BB2910 /* RegEnterNameView.swift in Sources */ = {isa = PBXBuildFile; fileRef = 20C081062AB1E1D400BB2910 /* RegEnterNameView.swift */; };
		4A4CE2C62A9B3A5F0098FF80 /* AppRoute.swift in Sources */ = {isa = PBXBuildFile; fileRef = 4A4CE2C52A9B3A5F0098FF80 /* AppRoute.swift */; };
		4A4CE2C82A9B3B620098FF80 /* Router.swift in Sources */ = {isa = PBXBuildFile; fileRef = 4A4CE2C72A9B3B620098FF80 /* Router.swift */; };
		4A4CE2CA2A9B3E8C0098FF80 /* NavigationViewBuilder.swift in Sources */ = {isa = PBXBuildFile; fileRef = 4A4CE2C92A9B3E8C0098FF80 /* NavigationViewBuilder.swift */; };
		4A4CE2D42A9B44280098FF80 /* RegistrationFlow.swift in Sources */ = {isa = PBXBuildFile; fileRef = 4A4CE2D32A9B44280098FF80 /* RegistrationFlow.swift */; };
		4A4CE2D62A9B44C20098FF80 /* LoginFlow.swift in Sources */ = {isa = PBXBuildFile; fileRef = 4A4CE2D52A9B44C20098FF80 /* LoginFlow.swift */; };
		4A4CE2D82A9B47060098FF80 /* LoginView.swift in Sources */ = {isa = PBXBuildFile; fileRef = 4A4CE2D72A9B47060098FF80 /* LoginView.swift */; };
		4A4CE2DA2A9B47650098FF80 /* LoginViewModel.swift in Sources */ = {isa = PBXBuildFile; fileRef = 4A4CE2D92A9B47650098FF80 /* LoginViewModel.swift */; };
		4A4CE2DC2A9B485B0098FF80 /* WelcomeView.swift in Sources */ = {isa = PBXBuildFile; fileRef = 4A4CE2DB2A9B485B0098FF80 /* WelcomeView.swift */; };
		4A4CE2E02A9B4F800098FF80 /* Colors.xcassets in Resources */ = {isa = PBXBuildFile; fileRef = 4A4CE2DF2A9B4F800098FF80 /* Colors.xcassets */; };
		4A4CE2E32A9B53E70098FF80 /* Color+extension.swift in Sources */ = {isa = PBXBuildFile; fileRef = 4A4CE2E22A9B53E70098FF80 /* Color+extension.swift */; };
		4A4CE2E82A9B58590098FF80 /* DtTypography.swift in Sources */ = {isa = PBXBuildFile; fileRef = 4A4CE2E72A9B58590098FF80 /* DtTypography.swift */; };
		4A4CE2EA2A9B5FB80098FF80 /* DtButton.swift in Sources */ = {isa = PBXBuildFile; fileRef = 4A4CE2E92A9B5FB80098FF80 /* DtButton.swift */; };
		4A4CE2ED2A9B60A60098FF80 /* AppConstants.swift in Sources */ = {isa = PBXBuildFile; fileRef = 4A4CE2EC2A9B60A60098FF80 /* AppConstants.swift */; };
		4A4CE2EF2A9B66DC0098FF80 /* TempView.swift in Sources */ = {isa = PBXBuildFile; fileRef = 4A4CE2EE2A9B66DC0098FF80 /* TempView.swift */; };
		4A4CE2F12A9B67B90098FF80 /* Text+extension.swift in Sources */ = {isa = PBXBuildFile; fileRef = 4A4CE2F02A9B67B90098FF80 /* Text+extension.swift */; };
		63203C712AAC6B2600F8803A /* UIApplication+extension.swift in Sources */ = {isa = PBXBuildFile; fileRef = 63203C702AAC6B2600F8803A /* UIApplication+extension.swift */; };
		632A7F5E2AAC897B005DA819 /* DtCustomTFView+extension.swift in Sources */ = {isa = PBXBuildFile; fileRef = 632A7F5D2AAC897B005DA819 /* DtCustomTFView+extension.swift */; };
		638D1E862ABAB45C0001CED4 /* LocationView.swift in Sources */ = {isa = PBXBuildFile; fileRef = 638D1E822ABAB45C0001CED4 /* LocationView.swift */; };
		638D1E872ABAB45C0001CED4 /* LocationViewModel.swift in Sources */ = {isa = PBXBuildFile; fileRef = 638D1E832ABAB45C0001CED4 /* LocationViewModel.swift */; };
		638D1E882ABAB45C0001CED4 /* LocationManager.swift in Sources */ = {isa = PBXBuildFile; fileRef = 638D1E842ABAB45C0001CED4 /* LocationManager.swift */; };
		638D1E892ABAB45C0001CED4 /* CountryModel.swift in Sources */ = {isa = PBXBuildFile; fileRef = 638D1E852ABAB45C0001CED4 /* CountryModel.swift */; };
		63A365A32AA04FFB00CBF5CD /* DtCustomTF.swift in Sources */ = {isa = PBXBuildFile; fileRef = 63A365A22AA04FFB00CBF5CD /* DtCustomTF.swift */; };
		63A5B8B52AC5F0BA00DEB54A /* CountryAndCityView.swift in Sources */ = {isa = PBXBuildFile; fileRef = 63A5B8B42AC5F0BA00DEB54A /* CountryAndCityView.swift */; };
		63A729592AA3937500AC60E3 /* RegularTFView.swift in Sources */ = {isa = PBXBuildFile; fileRef = 63A729582AA3937500AC60E3 /* RegularTFView.swift */; };
		63A7295D2AA395A200AC60E3 /* ConstantsTF.swift in Sources */ = {isa = PBXBuildFile; fileRef = 63A7295C2AA395A200AC60E3 /* ConstantsTF.swift */; };
		63A7295F2AA3A30E00AC60E3 /* SecureTFView.swift in Sources */ = {isa = PBXBuildFile; fileRef = 63A7295E2AA3A30E00AC60E3 /* SecureTFView.swift */; };
		63A729672AA48CAA00AC60E3 /* Regex.swift in Sources */ = {isa = PBXBuildFile; fileRef = 63A729662AA48CAA00AC60E3 /* Regex.swift */; };
		63A729692AA4A94B00AC60E3 /* CountryCodeButton.swift in Sources */ = {isa = PBXBuildFile; fileRef = 63A729682AA4A94B00AC60E3 /* CountryCodeButton.swift */; };
		980895BA2A9F4A5700F82F02 /* DtSpinnerView.swift in Sources */ = {isa = PBXBuildFile; fileRef = 980895B92A9F4A5700F82F02 /* DtSpinnerView.swift */; };
		98553B0A2AAE4A43005C80B3 /* View+extension.swift in Sources */ = {isa = PBXBuildFile; fileRef = 98553B092AAE4A43005C80B3 /* View+extension.swift */; };
		9898B2BF2AAA49DE007CA714 /* RegEmailViewModel.swift in Sources */ = {isa = PBXBuildFile; fileRef = 9898B2BE2AAA49DE007CA714 /* RegEmailViewModel.swift */; };
		98F3B6D62A9E4F9D0097B5C0 /* DtLogoView.swift in Sources */ = {isa = PBXBuildFile; fileRef = 98F3B6D52A9E4F9D0097B5C0 /* DtLogoView.swift */; };
		D050B1B12AA84AA0008EC0AB /* DividerLine.swift in Sources */ = {isa = PBXBuildFile; fileRef = D050B1B02AA84AA0008EC0AB /* DividerLine.swift */; };
		D0C185302AA1D0E1000D71E5 /* SignInWithButton.swift in Sources */ = {isa = PBXBuildFile; fileRef = D0C1852F2AA1D0E1000D71E5 /* SignInWithButton.swift */; };
		D0C8965A2AA217630084FA62 /* DtImage.swift in Sources */ = {isa = PBXBuildFile; fileRef = D0C896592AA217630084FA62 /* DtImage.swift */; };
		D0DC465D2A92699D0097CFF3 /* DatifyiOSCoreApp.swift in Sources */ = {isa = PBXBuildFile; fileRef = D0DC465C2A92699D0097CFF3 /* DatifyiOSCoreApp.swift */; };
		D0DC465F2A92699D0097CFF3 /* MainAppView.swift in Sources */ = {isa = PBXBuildFile; fileRef = D0DC465E2A92699D0097CFF3 /* MainAppView.swift */; };
		D0DC46612A92699F0097CFF3 /* Assets.xcassets in Resources */ = {isa = PBXBuildFile; fileRef = D0DC46602A92699F0097CFF3 /* Assets.xcassets */; };
		D0DC46642A92699F0097CFF3 /* Preview Assets.xcassets in Resources */ = {isa = PBXBuildFile; fileRef = D0DC46632A92699F0097CFF3 /* Preview Assets.xcassets */; };
		D0DC466E2A92699F0097CFF3 /* DatifyIOSCoreTests.swift in Sources */ = {isa = PBXBuildFile; fileRef = D0DC466D2A92699F0097CFF3 /* DatifyIOSCoreTests.swift */; };
		D0DC46782A92699F0097CFF3 /* DatifyIOSCoreUITests.swift in Sources */ = {isa = PBXBuildFile; fileRef = D0DC46772A92699F0097CFF3 /* DatifyIOSCoreUITests.swift */; };
		D0DC467A2A92699F0097CFF3 /* DatifyIOSCoreUITestsLaunchTests.swift in Sources */ = {isa = PBXBuildFile; fileRef = D0DC46792A92699F0097CFF3 /* DatifyIOSCoreUITestsLaunchTests.swift */; };
/* End PBXBuildFile section */

/* Begin PBXContainerItemProxy section */
		D0DC466A2A92699F0097CFF3 /* PBXContainerItemProxy */ = {
			isa = PBXContainerItemProxy;
			containerPortal = D0DC46512A92699C0097CFF3 /* Project object */;
			proxyType = 1;
			remoteGlobalIDString = D0DC46582A92699D0097CFF3;
			remoteInfo = "Datify-iOS-Core";
		};
		D0DC46742A92699F0097CFF3 /* PBXContainerItemProxy */ = {
			isa = PBXContainerItemProxy;
			containerPortal = D0DC46512A92699C0097CFF3 /* Project object */;
			proxyType = 1;
			remoteGlobalIDString = D0DC46582A92699D0097CFF3;
			remoteInfo = "Datify-iOS-Core";
		};
/* End PBXContainerItemProxy section */

/* Begin PBXFileReference section */
		2012EF632AAF479400B01688 /* DtBackButton.swift */ = {isa = PBXFileReference; lastKnownFileType = sourcecode.swift; path = DtBackButton.swift; sourceTree = "<group>"; };
		2012EF652AAF719C00B01688 /* DtTermsAndConditions.swift */ = {isa = PBXFileReference; lastKnownFileType = sourcecode.swift; path = DtTermsAndConditions.swift; sourceTree = "<group>"; };
		2076AF2D2AB080DB00AF5E11 /* String+extension.swift */ = {isa = PBXFileReference; lastKnownFileType = sourcecode.swift; path = "String+extension.swift"; sourceTree = "<group>"; };
		2076AF2F2AB085F400AF5E11 /* Image+extension.swift */ = {isa = PBXFileReference; lastKnownFileType = sourcecode.swift; path = "Image+extension.swift"; sourceTree = "<group>"; };
		20BF9D922AB1BE85008B3CEB /* RegSelectGenderView.swift */ = {isa = PBXFileReference; fileEncoding = 4; lastKnownFileType = sourcecode.swift; path = RegSelectGenderView.swift; sourceTree = "<group>"; };
		20C081042AB1E1B200BB2910 /* RegEmailView.swift */ = {isa = PBXFileReference; fileEncoding = 4; lastKnownFileType = sourcecode.swift; path = RegEmailView.swift; sourceTree = "<group>"; };
		20C081062AB1E1D400BB2910 /* RegEnterNameView.swift */ = {isa = PBXFileReference; lastKnownFileType = sourcecode.swift; path = RegEnterNameView.swift; sourceTree = "<group>"; };
		4A4CE2C52A9B3A5F0098FF80 /* AppRoute.swift */ = {isa = PBXFileReference; lastKnownFileType = sourcecode.swift; path = AppRoute.swift; sourceTree = "<group>"; };
		4A4CE2C72A9B3B620098FF80 /* Router.swift */ = {isa = PBXFileReference; lastKnownFileType = sourcecode.swift; path = Router.swift; sourceTree = "<group>"; };
		4A4CE2C92A9B3E8C0098FF80 /* NavigationViewBuilder.swift */ = {isa = PBXFileReference; lastKnownFileType = sourcecode.swift; path = NavigationViewBuilder.swift; sourceTree = "<group>"; };
		4A4CE2D32A9B44280098FF80 /* RegistrationFlow.swift */ = {isa = PBXFileReference; lastKnownFileType = sourcecode.swift; path = RegistrationFlow.swift; sourceTree = "<group>"; };
		4A4CE2D52A9B44C20098FF80 /* LoginFlow.swift */ = {isa = PBXFileReference; lastKnownFileType = sourcecode.swift; path = LoginFlow.swift; sourceTree = "<group>"; };
		4A4CE2D72A9B47060098FF80 /* LoginView.swift */ = {isa = PBXFileReference; lastKnownFileType = sourcecode.swift; path = LoginView.swift; sourceTree = "<group>"; };
		4A4CE2D92A9B47650098FF80 /* LoginViewModel.swift */ = {isa = PBXFileReference; lastKnownFileType = sourcecode.swift; path = LoginViewModel.swift; sourceTree = "<group>"; };
		4A4CE2DB2A9B485B0098FF80 /* WelcomeView.swift */ = {isa = PBXFileReference; lastKnownFileType = sourcecode.swift; path = WelcomeView.swift; sourceTree = "<group>"; };
		4A4CE2DF2A9B4F800098FF80 /* Colors.xcassets */ = {isa = PBXFileReference; lastKnownFileType = folder.assetcatalog; path = Colors.xcassets; sourceTree = "<group>"; };
		4A4CE2E22A9B53E70098FF80 /* Color+extension.swift */ = {isa = PBXFileReference; lastKnownFileType = sourcecode.swift; path = "Color+extension.swift"; sourceTree = "<group>"; };
		4A4CE2E72A9B58590098FF80 /* DtTypography.swift */ = {isa = PBXFileReference; lastKnownFileType = sourcecode.swift; path = DtTypography.swift; sourceTree = "<group>"; };
		4A4CE2E92A9B5FB80098FF80 /* DtButton.swift */ = {isa = PBXFileReference; lastKnownFileType = sourcecode.swift; path = DtButton.swift; sourceTree = "<group>"; };
		4A4CE2EC2A9B60A60098FF80 /* AppConstants.swift */ = {isa = PBXFileReference; lastKnownFileType = sourcecode.swift; path = AppConstants.swift; sourceTree = "<group>"; };
		4A4CE2EE2A9B66DC0098FF80 /* TempView.swift */ = {isa = PBXFileReference; lastKnownFileType = sourcecode.swift; path = TempView.swift; sourceTree = "<group>"; };
		4A4CE2F02A9B67B90098FF80 /* Text+extension.swift */ = {isa = PBXFileReference; lastKnownFileType = sourcecode.swift; path = "Text+extension.swift"; sourceTree = "<group>"; };
		63203C702AAC6B2600F8803A /* UIApplication+extension.swift */ = {isa = PBXFileReference; lastKnownFileType = sourcecode.swift; path = "UIApplication+extension.swift"; sourceTree = "<group>"; };
		632A7F5D2AAC897B005DA819 /* DtCustomTFView+extension.swift */ = {isa = PBXFileReference; lastKnownFileType = sourcecode.swift; path = "DtCustomTFView+extension.swift"; sourceTree = "<group>"; };
		638D1E822ABAB45C0001CED4 /* LocationView.swift */ = {isa = PBXFileReference; fileEncoding = 4; lastKnownFileType = sourcecode.swift; path = LocationView.swift; sourceTree = "<group>"; };
		638D1E832ABAB45C0001CED4 /* LocationViewModel.swift */ = {isa = PBXFileReference; fileEncoding = 4; lastKnownFileType = sourcecode.swift; path = LocationViewModel.swift; sourceTree = "<group>"; };
		638D1E842ABAB45C0001CED4 /* LocationManager.swift */ = {isa = PBXFileReference; fileEncoding = 4; lastKnownFileType = sourcecode.swift; path = LocationManager.swift; sourceTree = "<group>"; };
		638D1E852ABAB45C0001CED4 /* CountryModel.swift */ = {isa = PBXFileReference; fileEncoding = 4; lastKnownFileType = sourcecode.swift; path = CountryModel.swift; sourceTree = "<group>"; };
		63A365A22AA04FFB00CBF5CD /* DtCustomTF.swift */ = {isa = PBXFileReference; lastKnownFileType = sourcecode.swift; path = DtCustomTF.swift; sourceTree = "<group>"; };
		63A5B8B42AC5F0BA00DEB54A /* CountryAndCityView.swift */ = {isa = PBXFileReference; lastKnownFileType = sourcecode.swift; path = CountryAndCityView.swift; sourceTree = "<group>"; };
		63A729582AA3937500AC60E3 /* RegularTFView.swift */ = {isa = PBXFileReference; lastKnownFileType = sourcecode.swift; path = RegularTFView.swift; sourceTree = "<group>"; };
		63A7295C2AA395A200AC60E3 /* ConstantsTF.swift */ = {isa = PBXFileReference; lastKnownFileType = sourcecode.swift; path = ConstantsTF.swift; sourceTree = "<group>"; };
		63A7295E2AA3A30E00AC60E3 /* SecureTFView.swift */ = {isa = PBXFileReference; lastKnownFileType = sourcecode.swift; path = SecureTFView.swift; sourceTree = "<group>"; };
		63A729662AA48CAA00AC60E3 /* Regex.swift */ = {isa = PBXFileReference; lastKnownFileType = sourcecode.swift; path = Regex.swift; sourceTree = "<group>"; };
		63A729682AA4A94B00AC60E3 /* CountryCodeButton.swift */ = {isa = PBXFileReference; lastKnownFileType = sourcecode.swift; path = CountryCodeButton.swift; sourceTree = "<group>"; };
		980895B92A9F4A5700F82F02 /* DtSpinnerView.swift */ = {isa = PBXFileReference; lastKnownFileType = sourcecode.swift; path = DtSpinnerView.swift; sourceTree = "<group>"; };
		98553B092AAE4A43005C80B3 /* View+extension.swift */ = {isa = PBXFileReference; lastKnownFileType = sourcecode.swift; path = "View+extension.swift"; sourceTree = "<group>"; };
		9898B2BE2AAA49DE007CA714 /* RegEmailViewModel.swift */ = {isa = PBXFileReference; lastKnownFileType = sourcecode.swift; name = RegEmailViewModel.swift; path = "Datify-iOS-Core/Views/Main/Welcome/Registration/RegEmailViewModel.swift"; sourceTree = SOURCE_ROOT; };
		98F3B6D52A9E4F9D0097B5C0 /* DtLogoView.swift */ = {isa = PBXFileReference; lastKnownFileType = sourcecode.swift; path = DtLogoView.swift; sourceTree = "<group>"; };
		98F9F2062AB0C80A00F7DAB8 /* RegEmailViewModel.swift */ = {isa = PBXFileReference; fileEncoding = 4; lastKnownFileType = sourcecode.swift; path = RegEmailViewModel.swift; sourceTree = "<group>"; };
		D050B1B02AA84AA0008EC0AB /* DividerLine.swift */ = {isa = PBXFileReference; lastKnownFileType = sourcecode.swift; path = DividerLine.swift; sourceTree = "<group>"; };
		D0C1852F2AA1D0E1000D71E5 /* SignInWithButton.swift */ = {isa = PBXFileReference; lastKnownFileType = sourcecode.swift; path = SignInWithButton.swift; sourceTree = "<group>"; };
		D0C896592AA217630084FA62 /* DtImage.swift */ = {isa = PBXFileReference; lastKnownFileType = sourcecode.swift; path = DtImage.swift; sourceTree = "<group>"; };
		D0DC46592A92699D0097CFF3 /* Datify-iOS-Core.app */ = {isa = PBXFileReference; explicitFileType = wrapper.application; includeInIndex = 0; path = "Datify-iOS-Core.app"; sourceTree = BUILT_PRODUCTS_DIR; };
		D0DC465C2A92699D0097CFF3 /* DatifyiOSCoreApp.swift */ = {isa = PBXFileReference; lastKnownFileType = sourcecode.swift; path = DatifyiOSCoreApp.swift; sourceTree = "<group>"; };
		D0DC465E2A92699D0097CFF3 /* MainAppView.swift */ = {isa = PBXFileReference; lastKnownFileType = sourcecode.swift; path = MainAppView.swift; sourceTree = "<group>"; };
		D0DC46602A92699F0097CFF3 /* Assets.xcassets */ = {isa = PBXFileReference; lastKnownFileType = folder.assetcatalog; path = Assets.xcassets; sourceTree = "<group>"; };
		D0DC46632A92699F0097CFF3 /* Preview Assets.xcassets */ = {isa = PBXFileReference; lastKnownFileType = folder.assetcatalog; path = "Preview Assets.xcassets"; sourceTree = "<group>"; };
		D0DC46692A92699F0097CFF3 /* Datify-iOS-CoreTests.xctest */ = {isa = PBXFileReference; explicitFileType = wrapper.cfbundle; includeInIndex = 0; path = "Datify-iOS-CoreTests.xctest"; sourceTree = BUILT_PRODUCTS_DIR; };
		D0DC466D2A92699F0097CFF3 /* DatifyIOSCoreTests.swift */ = {isa = PBXFileReference; lastKnownFileType = sourcecode.swift; path = DatifyIOSCoreTests.swift; sourceTree = "<group>"; };
		D0DC46732A92699F0097CFF3 /* Datify-iOS-CoreUITests.xctest */ = {isa = PBXFileReference; explicitFileType = wrapper.cfbundle; includeInIndex = 0; path = "Datify-iOS-CoreUITests.xctest"; sourceTree = BUILT_PRODUCTS_DIR; };
		D0DC46772A92699F0097CFF3 /* DatifyIOSCoreUITests.swift */ = {isa = PBXFileReference; lastKnownFileType = sourcecode.swift; path = DatifyIOSCoreUITests.swift; sourceTree = "<group>"; };
		D0DC46792A92699F0097CFF3 /* DatifyIOSCoreUITestsLaunchTests.swift */ = {isa = PBXFileReference; lastKnownFileType = sourcecode.swift; path = DatifyIOSCoreUITestsLaunchTests.swift; sourceTree = "<group>"; };
		D0DC46862A926C650097CFF3 /* README.md */ = {isa = PBXFileReference; lastKnownFileType = net.daringfireball.markdown; path = README.md; sourceTree = "<group>"; };
/* End PBXFileReference section */

/* Begin PBXFrameworksBuildPhase section */
		D0DC46562A92699D0097CFF3 /* Frameworks */ = {
			isa = PBXFrameworksBuildPhase;
			buildActionMask = 2147483647;
			files = (
			);
			runOnlyForDeploymentPostprocessing = 0;
		};
		D0DC46662A92699F0097CFF3 /* Frameworks */ = {
			isa = PBXFrameworksBuildPhase;
			buildActionMask = 2147483647;
			files = (
			);
			runOnlyForDeploymentPostprocessing = 0;
		};
		D0DC46702A92699F0097CFF3 /* Frameworks */ = {
			isa = PBXFrameworksBuildPhase;
			buildActionMask = 2147483647;
			files = (
			);
			runOnlyForDeploymentPostprocessing = 0;
		};
/* End PBXFrameworksBuildPhase section */

/* Begin PBXGroup section */
		4A4CE2C02A9B39FB0098FF80 /* NavigationStack */ = {
			isa = PBXGroup;
			children = (
				4A4CE2C52A9B3A5F0098FF80 /* AppRoute.swift */,
				4A4CE2C72A9B3B620098FF80 /* Router.swift */,
				4A4CE2D22A9B41F30098FF80 /* NavigationViewBuilder */,
			);
			path = NavigationStack;
			sourceTree = "<group>";
		};
		4A4CE2C22A9B3A100098FF80 /* Views */ = {
			isa = PBXGroup;
			children = (
				4A4CE2C42A9B3A290098FF80 /* Main */,
				4A4CE2C32A9B3A1E0098FF80 /* Common */,
			);
			path = Views;
			sourceTree = "<group>";
		};
		4A4CE2C32A9B3A1E0098FF80 /* Common */ = {
			isa = PBXGroup;
			children = (
				98553B0B2AAF0CF3005C80B3 /* CustomTextField */,
				4A4CE2E92A9B5FB80098FF80 /* DtButton.swift */,
				2012EF632AAF479400B01688 /* DtBackButton.swift */,
				D0C1852F2AA1D0E1000D71E5 /* SignInWithButton.swift */,
				4A4CE2EE2A9B66DC0098FF80 /* TempView.swift */,
				98F3B6D52A9E4F9D0097B5C0 /* DtLogoView.swift */,
				980895B92A9F4A5700F82F02 /* DtSpinnerView.swift */,
				D050B1B02AA84AA0008EC0AB /* DividerLine.swift */,
				2012EF652AAF719C00B01688 /* DtTermsAndConditions.swift */,
			);
			path = Common;
			sourceTree = "<group>";
		};
		4A4CE2C42A9B3A290098FF80 /* Main */ = {
			isa = PBXGroup;
			children = (
				4A4CE2CB2A9B3FFB0098FF80 /* Welcome */,
				4A4CE2CE2A9B41920098FF80 /* Tabbar */,
			);
			path = Main;
			sourceTree = "<group>";
		};
		4A4CE2CB2A9B3FFB0098FF80 /* Welcome */ = {
			isa = PBXGroup;
			children = (
				638D1E812ABAB44B0001CED4 /* Location */,
				98F9F2032AB0C67300F7DAB8 /* Registration */,
				4A4CE2DB2A9B485B0098FF80 /* WelcomeView.swift */,
				4A4CE2CC2A9B40DA0098FF80 /* Login */,
				4A4CE2DD2A9B4CB70098FF80 /* FillProfile */,
			);
			path = Welcome;
			sourceTree = "<group>";
		};
		4A4CE2CC2A9B40DA0098FF80 /* Login */ = {
			isa = PBXGroup;
			children = (
				4A4CE2D72A9B47060098FF80 /* LoginView.swift */,
				4A4CE2D92A9B47650098FF80 /* LoginViewModel.swift */,
			);
			path = Login;
			sourceTree = "<group>";
		};
		4A4CE2CE2A9B41920098FF80 /* Tabbar */ = {
			isa = PBXGroup;
			children = (
				4A4CE2CF2A9B41B90098FF80 /* Dating */,
				4A4CE2D02A9B41C40098FF80 /* Chat */,
				4A4CE2D12A9B41D20098FF80 /* Menu */,
			);
			path = Tabbar;
			sourceTree = "<group>";
		};
		4A4CE2CF2A9B41B90098FF80 /* Dating */ = {
			isa = PBXGroup;
			children = (
			);
			path = Dating;
			sourceTree = "<group>";
		};
		4A4CE2D02A9B41C40098FF80 /* Chat */ = {
			isa = PBXGroup;
			children = (
			);
			path = Chat;
			sourceTree = "<group>";
		};
		4A4CE2D12A9B41D20098FF80 /* Menu */ = {
			isa = PBXGroup;
			children = (
			);
			path = Menu;
			sourceTree = "<group>";
		};
		4A4CE2D22A9B41F30098FF80 /* NavigationViewBuilder */ = {
			isa = PBXGroup;
			children = (
				4A4CE2C92A9B3E8C0098FF80 /* NavigationViewBuilder.swift */,
				4A4CE2D52A9B44C20098FF80 /* LoginFlow.swift */,
				4A4CE2D32A9B44280098FF80 /* RegistrationFlow.swift */,
			);
			path = NavigationViewBuilder;
			sourceTree = "<group>";
		};
		4A4CE2DD2A9B4CB70098FF80 /* FillProfile */ = {
			isa = PBXGroup;
			children = (
			);
			path = FillProfile;
			sourceTree = "<group>";
		};
		4A4CE2DE2A9B4EEB0098FF80 /* Resources */ = {
			isa = PBXGroup;
			children = (
				4A4CE2DF2A9B4F800098FF80 /* Colors.xcassets */,
				4A4CE2E42A9B57870098FF80 /* Fonts */,
			);
			path = Resources;
			sourceTree = "<group>";
		};
		4A4CE2E12A9B53D50098FF80 /* Extensions */ = {
			isa = PBXGroup;
			children = (
				4A4CE2E22A9B53E70098FF80 /* Color+extension.swift */,
				2076AF2F2AB085F400AF5E11 /* Image+extension.swift */,
				4A4CE2F02A9B67B90098FF80 /* Text+extension.swift */,
				2076AF2D2AB080DB00AF5E11 /* String+extension.swift */,
				98553B092AAE4A43005C80B3 /* View+extension.swift */,
				63203C702AAC6B2600F8803A /* UIApplication+extension.swift */,
				632A7F5D2AAC897B005DA819 /* DtCustomTFView+extension.swift */,
			);
			path = Extensions;
			sourceTree = "<group>";
		};
		4A4CE2E42A9B57870098FF80 /* Fonts */ = {
			isa = PBXGroup;
			children = (
				4A4CE2E72A9B58590098FF80 /* DtTypography.swift */,
			);
			path = Fonts;
			sourceTree = "<group>";
		};
		4A4CE2EB2A9B60950098FF80 /* Helpers */ = {
			isa = PBXGroup;
			children = (
				4A4CE2EC2A9B60A60098FF80 /* AppConstants.swift */,
				D0C896592AA217630084FA62 /* DtImage.swift */,
			);
			path = Helpers;
			sourceTree = "<group>";
		};
		638D1E812ABAB44B0001CED4 /* Location */ = {
			isa = PBXGroup;
			children = (
				638D1E852ABAB45C0001CED4 /* CountryModel.swift */,
				638D1E842ABAB45C0001CED4 /* LocationManager.swift */,
				638D1E822ABAB45C0001CED4 /* LocationView.swift */,
				638D1E832ABAB45C0001CED4 /* LocationViewModel.swift */,
				63A5B8B42AC5F0BA00DEB54A /* CountryAndCityView.swift */,
			);
			path = Location;
			sourceTree = "<group>";
		};
		63A729572AA3935700AC60E3 /* Views */ = {
			isa = PBXGroup;
			children = (
				63A7295E2AA3A30E00AC60E3 /* SecureTFView.swift */,
				63A729582AA3937500AC60E3 /* RegularTFView.swift */,
				63A729682AA4A94B00AC60E3 /* CountryCodeButton.swift */,
			);
			path = Views;
			sourceTree = "<group>";
		};
		98553B0B2AAF0CF3005C80B3 /* CustomTextField */ = {
			isa = PBXGroup;
			children = (
				63A729572AA3935700AC60E3 /* Views */,
				63A365A22AA04FFB00CBF5CD /* DtCustomTF.swift */,
				63A7295C2AA395A200AC60E3 /* ConstantsTF.swift */,
				63A729662AA48CAA00AC60E3 /* Regex.swift */,
			);
			path = CustomTextField;
			sourceTree = "<group>";
		};
		98F9F2022AB0C64800F7DAB8 /* Recovered References */ = {
			isa = PBXGroup;
			children = (
				9898B2BE2AAA49DE007CA714 /* RegEmailViewModel.swift */,
			);
			name = "Recovered References";
			sourceTree = "<group>";
		};
		98F9F2032AB0C67300F7DAB8 /* Registration */ = {
			isa = PBXGroup;
			children = (
				98F9F2062AB0C80A00F7DAB8 /* RegEmailViewModel.swift */,
				20C081042AB1E1B200BB2910 /* RegEmailView.swift */,
				20BF9D922AB1BE85008B3CEB /* RegSelectGenderView.swift */,
				20C081062AB1E1D400BB2910 /* RegEnterNameView.swift */,
			);
			path = Registration;
			sourceTree = "<group>";
		};
		D0DC46502A92699C0097CFF3 = {
			isa = PBXGroup;
			children = (
				D0DC46862A926C650097CFF3 /* README.md */,
				D0DC465B2A92699D0097CFF3 /* Datify-iOS-Core */,
				D0DC466C2A92699F0097CFF3 /* Datify-iOS-CoreTests */,
				D0DC46762A92699F0097CFF3 /* Datify-iOS-CoreUITests */,
				D0DC465A2A92699D0097CFF3 /* Products */,
				98F9F2022AB0C64800F7DAB8 /* Recovered References */,
			);
			sourceTree = "<group>";
		};
		D0DC465A2A92699D0097CFF3 /* Products */ = {
			isa = PBXGroup;
			children = (
				D0DC46592A92699D0097CFF3 /* Datify-iOS-Core.app */,
				D0DC46692A92699F0097CFF3 /* Datify-iOS-CoreTests.xctest */,
				D0DC46732A92699F0097CFF3 /* Datify-iOS-CoreUITests.xctest */,
			);
			name = Products;
			sourceTree = "<group>";
		};
		D0DC465B2A92699D0097CFF3 /* Datify-iOS-Core */ = {
			isa = PBXGroup;
			children = (
				D0DC465C2A92699D0097CFF3 /* DatifyiOSCoreApp.swift */,
				D0DC465E2A92699D0097CFF3 /* MainAppView.swift */,
				4A4CE2DE2A9B4EEB0098FF80 /* Resources */,
				4A4CE2C02A9B39FB0098FF80 /* NavigationStack */,
				4A4CE2C22A9B3A100098FF80 /* Views */,
				4A4CE2EB2A9B60950098FF80 /* Helpers */,
				4A4CE2E12A9B53D50098FF80 /* Extensions */,
				D0DC46602A92699F0097CFF3 /* Assets.xcassets */,
				D0DC46622A92699F0097CFF3 /* Preview Content */,
			);
			path = "Datify-iOS-Core";
			sourceTree = "<group>";
		};
		D0DC46622A92699F0097CFF3 /* Preview Content */ = {
			isa = PBXGroup;
			children = (
				D0DC46632A92699F0097CFF3 /* Preview Assets.xcassets */,
			);
			path = "Preview Content";
			sourceTree = "<group>";
		};
		D0DC466C2A92699F0097CFF3 /* Datify-iOS-CoreTests */ = {
			isa = PBXGroup;
			children = (
				D0DC466D2A92699F0097CFF3 /* DatifyIOSCoreTests.swift */,
			);
			path = "Datify-iOS-CoreTests";
			sourceTree = "<group>";
		};
		D0DC46762A92699F0097CFF3 /* Datify-iOS-CoreUITests */ = {
			isa = PBXGroup;
			children = (
				D0DC46772A92699F0097CFF3 /* DatifyIOSCoreUITests.swift */,
				D0DC46792A92699F0097CFF3 /* DatifyIOSCoreUITestsLaunchTests.swift */,
			);
			path = "Datify-iOS-CoreUITests";
			sourceTree = "<group>";
		};
/* End PBXGroup section */

/* Begin PBXNativeTarget section */
		D0DC46582A92699D0097CFF3 /* Datify-iOS-Core */ = {
			isa = PBXNativeTarget;
			buildConfigurationList = D0DC467D2A92699F0097CFF3 /* Build configuration list for PBXNativeTarget "Datify-iOS-Core" */;
			buildPhases = (
				D0DC46552A92699D0097CFF3 /* Sources */,
				D0DC46562A92699D0097CFF3 /* Frameworks */,
				D0DC46572A92699D0097CFF3 /* Resources */,
				4A4CE2FE2A9F0CA00098FF80 /* ShellScript */,
			);
			buildRules = (
			);
			dependencies = (
			);
			name = "Datify-iOS-Core";
			packageProductDependencies = (
			);
			productName = "Datify-iOS-Core";
			productReference = D0DC46592A92699D0097CFF3 /* Datify-iOS-Core.app */;
			productType = "com.apple.product-type.application";
		};
		D0DC46682A92699F0097CFF3 /* Datify-iOS-CoreTests */ = {
			isa = PBXNativeTarget;
			buildConfigurationList = D0DC46802A92699F0097CFF3 /* Build configuration list for PBXNativeTarget "Datify-iOS-CoreTests" */;
			buildPhases = (
				D0DC46652A92699F0097CFF3 /* Sources */,
				D0DC46662A92699F0097CFF3 /* Frameworks */,
				D0DC46672A92699F0097CFF3 /* Resources */,
			);
			buildRules = (
			);
			dependencies = (
				D0DC466B2A92699F0097CFF3 /* PBXTargetDependency */,
			);
			name = "Datify-iOS-CoreTests";
			productName = "Datify-iOS-CoreTests";
			productReference = D0DC46692A92699F0097CFF3 /* Datify-iOS-CoreTests.xctest */;
			productType = "com.apple.product-type.bundle.unit-test";
		};
		D0DC46722A92699F0097CFF3 /* Datify-iOS-CoreUITests */ = {
			isa = PBXNativeTarget;
			buildConfigurationList = D0DC46832A92699F0097CFF3 /* Build configuration list for PBXNativeTarget "Datify-iOS-CoreUITests" */;
			buildPhases = (
				D0DC466F2A92699F0097CFF3 /* Sources */,
				D0DC46702A92699F0097CFF3 /* Frameworks */,
				D0DC46712A92699F0097CFF3 /* Resources */,
			);
			buildRules = (
			);
			dependencies = (
				D0DC46752A92699F0097CFF3 /* PBXTargetDependency */,
			);
			name = "Datify-iOS-CoreUITests";
			productName = "Datify-iOS-CoreUITests";
			productReference = D0DC46732A92699F0097CFF3 /* Datify-iOS-CoreUITests.xctest */;
			productType = "com.apple.product-type.bundle.ui-testing";
		};
/* End PBXNativeTarget section */

/* Begin PBXProject section */
		D0DC46512A92699C0097CFF3 /* Project object */ = {
			isa = PBXProject;
			attributes = {
				BuildIndependentTargetsInParallel = 1;
				LastSwiftUpdateCheck = 1400;
				LastUpgradeCheck = 1430;
				TargetAttributes = {
					D0DC46582A92699D0097CFF3 = {
						CreatedOnToolsVersion = 14.0.1;
					};
					D0DC46682A92699F0097CFF3 = {
						CreatedOnToolsVersion = 14.0.1;
						TestTargetID = D0DC46582A92699D0097CFF3;
					};
					D0DC46722A92699F0097CFF3 = {
						CreatedOnToolsVersion = 14.0.1;
						TestTargetID = D0DC46582A92699D0097CFF3;
					};
				};
			};
			buildConfigurationList = D0DC46542A92699C0097CFF3 /* Build configuration list for PBXProject "Datify-iOS-Core" */;
			compatibilityVersion = "Xcode 14.0";
			developmentRegion = en;
			hasScannedForEncodings = 0;
			knownRegions = (
				en,
				Base,
			);
			mainGroup = D0DC46502A92699C0097CFF3;
			packageReferences = (
				4A4CE2F92A9F093C0098FF80 /* XCRemoteSwiftPackageReference "SwiftLint" */,
			);
			productRefGroup = D0DC465A2A92699D0097CFF3 /* Products */;
			projectDirPath = "";
			projectRoot = "";
			targets = (
				D0DC46582A92699D0097CFF3 /* Datify-iOS-Core */,
				D0DC46682A92699F0097CFF3 /* Datify-iOS-CoreTests */,
				D0DC46722A92699F0097CFF3 /* Datify-iOS-CoreUITests */,
			);
		};
/* End PBXProject section */

/* Begin PBXResourcesBuildPhase section */
		D0DC46572A92699D0097CFF3 /* Resources */ = {
			isa = PBXResourcesBuildPhase;
			buildActionMask = 2147483647;
			files = (
				4A4CE2E02A9B4F800098FF80 /* Colors.xcassets in Resources */,
				D0DC46642A92699F0097CFF3 /* Preview Assets.xcassets in Resources */,
				D0DC46612A92699F0097CFF3 /* Assets.xcassets in Resources */,
			);
			runOnlyForDeploymentPostprocessing = 0;
		};
		D0DC46672A92699F0097CFF3 /* Resources */ = {
			isa = PBXResourcesBuildPhase;
			buildActionMask = 2147483647;
			files = (
			);
			runOnlyForDeploymentPostprocessing = 0;
		};
		D0DC46712A92699F0097CFF3 /* Resources */ = {
			isa = PBXResourcesBuildPhase;
			buildActionMask = 2147483647;
			files = (
			);
			runOnlyForDeploymentPostprocessing = 0;
		};
/* End PBXResourcesBuildPhase section */

/* Begin PBXShellScriptBuildPhase section */
		4A4CE2FE2A9F0CA00098FF80 /* ShellScript */ = {
			isa = PBXShellScriptBuildPhase;
			alwaysOutOfDate = 1;
			buildActionMask = 2147483647;
			files = (
			);
			inputFileListPaths = (
			);
			inputPaths = (
			);
			outputFileListPaths = (
			);
			outputPaths = (
			);
			runOnlyForDeploymentPostprocessing = 0;
			shellPath = /bin/sh;
			shellScript = "if [[ \"$(uname -m)\" == arm64 ]]; then\n    export PATH=\"/opt/homebrew/bin:$PATH\"\nfi\n\nif which swiftlint > /dev/null; then\n  swiftlint --fix && swiftlint\nelse\n  echo \"warning: SwiftLint not installed, download from https://github.com/realm/SwiftLint\"\nfi\n";
		};
/* End PBXShellScriptBuildPhase section */

/* Begin PBXSourcesBuildPhase section */
		D0DC46552A92699D0097CFF3 /* Sources */ = {
			isa = PBXSourcesBuildPhase;
			buildActionMask = 2147483647;
			files = (
				4A4CE2EA2A9B5FB80098FF80 /* DtButton.swift in Sources */,
				4A4CE2D42A9B44280098FF80 /* RegistrationFlow.swift in Sources */,
				2076AF302AB085F400AF5E11 /* Image+extension.swift in Sources */,
				980895BA2A9F4A5700F82F02 /* DtSpinnerView.swift in Sources */,
				63A7295D2AA395A200AC60E3 /* ConstantsTF.swift in Sources */,
				4A4CE2CA2A9B3E8C0098FF80 /* NavigationViewBuilder.swift in Sources */,
				4A4CE2C82A9B3B620098FF80 /* Router.swift in Sources */,
				D0C185302AA1D0E1000D71E5 /* SignInWithButton.swift in Sources */,
				632A7F5E2AAC897B005DA819 /* DtCustomTFView+extension.swift in Sources */,
				4A4CE2DC2A9B485B0098FF80 /* WelcomeView.swift in Sources */,
				63A5B8B52AC5F0BA00DEB54A /* CountryAndCityView.swift in Sources */,
				63A7295F2AA3A30E00AC60E3 /* SecureTFView.swift in Sources */,
				4A4CE2E82A9B58590098FF80 /* DtTypography.swift in Sources */,
				63203C712AAC6B2600F8803A /* UIApplication+extension.swift in Sources */,
				638D1E862ABAB45C0001CED4 /* LocationView.swift in Sources */,
				638D1E892ABAB45C0001CED4 /* CountryModel.swift in Sources */,
				D0C8965A2AA217630084FA62 /* DtImage.swift in Sources */,
				D0DC465F2A92699D0097CFF3 /* MainAppView.swift in Sources */,
				63A729592AA3937500AC60E3 /* RegularTFView.swift in Sources */,
				20BF9D932AB1BE85008B3CEB /* RegSelectGenderView.swift in Sources */,
				4A4CE2E32A9B53E70098FF80 /* Color+extension.swift in Sources */,
				2076AF2E2AB080DB00AF5E11 /* String+extension.swift in Sources */,
				9898B2BF2AAA49DE007CA714 /* RegEmailViewModel.swift in Sources */,
				98F3B6D62A9E4F9D0097B5C0 /* DtLogoView.swift in Sources */,
				63A729692AA4A94B00AC60E3 /* CountryCodeButton.swift in Sources */,
				638D1E872ABAB45C0001CED4 /* LocationViewModel.swift in Sources */,
				D0DC465D2A92699D0097CFF3 /* DatifyiOSCoreApp.swift in Sources */,
				638D1E882ABAB45C0001CED4 /* LocationManager.swift in Sources */,
				4A4CE2D62A9B44C20098FF80 /* LoginFlow.swift in Sources */,
				20C081072AB1E1D400BB2910 /* RegEnterNameView.swift in Sources */,
				20C081052AB1E1B200BB2910 /* RegEmailView.swift in Sources */,
				98553B0A2AAE4A43005C80B3 /* View+extension.swift in Sources */,
				4A4CE2D82A9B47060098FF80 /* LoginView.swift in Sources */,
				2012EF662AAF719C00B01688 /* DtTermsAndConditions.swift in Sources */,
				4A4CE2ED2A9B60A60098FF80 /* AppConstants.swift in Sources */,
				2012EF642AAF479400B01688 /* DtBackButton.swift in Sources */,
				4A4CE2F12A9B67B90098FF80 /* Text+extension.swift in Sources */,
				4A4CE2EF2A9B66DC0098FF80 /* TempView.swift in Sources */,
				63A365A32AA04FFB00CBF5CD /* DtCustomTF.swift in Sources */,
				4A4CE2C62A9B3A5F0098FF80 /* AppRoute.swift in Sources */,
				4A4CE2DA2A9B47650098FF80 /* LoginViewModel.swift in Sources */,
				D050B1B12AA84AA0008EC0AB /* DividerLine.swift in Sources */,
				63A729672AA48CAA00AC60E3 /* Regex.swift in Sources */,
			);
			runOnlyForDeploymentPostprocessing = 0;
		};
		D0DC46652A92699F0097CFF3 /* Sources */ = {
			isa = PBXSourcesBuildPhase;
			buildActionMask = 2147483647;
			files = (
				D0DC466E2A92699F0097CFF3 /* DatifyIOSCoreTests.swift in Sources */,
			);
			runOnlyForDeploymentPostprocessing = 0;
		};
		D0DC466F2A92699F0097CFF3 /* Sources */ = {
			isa = PBXSourcesBuildPhase;
			buildActionMask = 2147483647;
			files = (
				D0DC467A2A92699F0097CFF3 /* DatifyIOSCoreUITestsLaunchTests.swift in Sources */,
				D0DC46782A92699F0097CFF3 /* DatifyIOSCoreUITests.swift in Sources */,
			);
			runOnlyForDeploymentPostprocessing = 0;
		};
/* End PBXSourcesBuildPhase section */

/* Begin PBXTargetDependency section */
		D0DC466B2A92699F0097CFF3 /* PBXTargetDependency */ = {
			isa = PBXTargetDependency;
			target = D0DC46582A92699D0097CFF3 /* Datify-iOS-Core */;
			targetProxy = D0DC466A2A92699F0097CFF3 /* PBXContainerItemProxy */;
		};
		D0DC46752A92699F0097CFF3 /* PBXTargetDependency */ = {
			isa = PBXTargetDependency;
			target = D0DC46582A92699D0097CFF3 /* Datify-iOS-Core */;
			targetProxy = D0DC46742A92699F0097CFF3 /* PBXContainerItemProxy */;
		};
/* End PBXTargetDependency section */

/* Begin XCBuildConfiguration section */
		D0DC467B2A92699F0097CFF3 /* Debug */ = {
			isa = XCBuildConfiguration;
			buildSettings = {
				ALWAYS_SEARCH_USER_PATHS = NO;
				CLANG_ANALYZER_NONNULL = YES;
				CLANG_ANALYZER_NUMBER_OBJECT_CONVERSION = YES_AGGRESSIVE;
				CLANG_CXX_LANGUAGE_STANDARD = "gnu++20";
				CLANG_ENABLE_MODULES = YES;
				CLANG_ENABLE_OBJC_ARC = YES;
				CLANG_ENABLE_OBJC_WEAK = YES;
				CLANG_WARN_BLOCK_CAPTURE_AUTORELEASING = YES;
				CLANG_WARN_BOOL_CONVERSION = YES;
				CLANG_WARN_COMMA = YES;
				CLANG_WARN_CONSTANT_CONVERSION = YES;
				CLANG_WARN_DEPRECATED_OBJC_IMPLEMENTATIONS = YES;
				CLANG_WARN_DIRECT_OBJC_ISA_USAGE = YES_ERROR;
				CLANG_WARN_DOCUMENTATION_COMMENTS = YES;
				CLANG_WARN_EMPTY_BODY = YES;
				CLANG_WARN_ENUM_CONVERSION = YES;
				CLANG_WARN_INFINITE_RECURSION = YES;
				CLANG_WARN_INT_CONVERSION = YES;
				CLANG_WARN_NON_LITERAL_NULL_CONVERSION = YES;
				CLANG_WARN_OBJC_IMPLICIT_RETAIN_SELF = YES;
				CLANG_WARN_OBJC_LITERAL_CONVERSION = YES;
				CLANG_WARN_OBJC_ROOT_CLASS = YES_ERROR;
				CLANG_WARN_QUOTED_INCLUDE_IN_FRAMEWORK_HEADER = YES;
				CLANG_WARN_RANGE_LOOP_ANALYSIS = YES;
				CLANG_WARN_STRICT_PROTOTYPES = YES;
				CLANG_WARN_SUSPICIOUS_MOVE = YES;
				CLANG_WARN_UNGUARDED_AVAILABILITY = YES_AGGRESSIVE;
				CLANG_WARN_UNREACHABLE_CODE = YES;
				CLANG_WARN__DUPLICATE_METHOD_MATCH = YES;
				COPY_PHASE_STRIP = NO;
				DEBUG_INFORMATION_FORMAT = dwarf;
				ENABLE_STRICT_OBJC_MSGSEND = YES;
				ENABLE_TESTABILITY = YES;
				GCC_C_LANGUAGE_STANDARD = gnu11;
				GCC_DYNAMIC_NO_PIC = NO;
				GCC_NO_COMMON_BLOCKS = YES;
				GCC_OPTIMIZATION_LEVEL = 0;
				GCC_PREPROCESSOR_DEFINITIONS = (
					"DEBUG=1",
					"$(inherited)",
				);
				GCC_WARN_64_TO_32_BIT_CONVERSION = YES;
				GCC_WARN_ABOUT_RETURN_TYPE = YES_ERROR;
				GCC_WARN_UNDECLARED_SELECTOR = YES;
				GCC_WARN_UNINITIALIZED_AUTOS = YES_AGGRESSIVE;
				GCC_WARN_UNUSED_FUNCTION = YES;
				GCC_WARN_UNUSED_VARIABLE = YES;
				IPHONEOS_DEPLOYMENT_TARGET = 16.0;
				MTL_ENABLE_DEBUG_INFO = INCLUDE_SOURCE;
				MTL_FAST_MATH = YES;
				ONLY_ACTIVE_ARCH = YES;
				SDKROOT = iphoneos;
				SWIFT_ACTIVE_COMPILATION_CONDITIONS = DEBUG;
				SWIFT_OPTIMIZATION_LEVEL = "-Onone";
			};
			name = Debug;
		};
		D0DC467C2A92699F0097CFF3 /* Release */ = {
			isa = XCBuildConfiguration;
			buildSettings = {
				ALWAYS_SEARCH_USER_PATHS = NO;
				CLANG_ANALYZER_NONNULL = YES;
				CLANG_ANALYZER_NUMBER_OBJECT_CONVERSION = YES_AGGRESSIVE;
				CLANG_CXX_LANGUAGE_STANDARD = "gnu++20";
				CLANG_ENABLE_MODULES = YES;
				CLANG_ENABLE_OBJC_ARC = YES;
				CLANG_ENABLE_OBJC_WEAK = YES;
				CLANG_WARN_BLOCK_CAPTURE_AUTORELEASING = YES;
				CLANG_WARN_BOOL_CONVERSION = YES;
				CLANG_WARN_COMMA = YES;
				CLANG_WARN_CONSTANT_CONVERSION = YES;
				CLANG_WARN_DEPRECATED_OBJC_IMPLEMENTATIONS = YES;
				CLANG_WARN_DIRECT_OBJC_ISA_USAGE = YES_ERROR;
				CLANG_WARN_DOCUMENTATION_COMMENTS = YES;
				CLANG_WARN_EMPTY_BODY = YES;
				CLANG_WARN_ENUM_CONVERSION = YES;
				CLANG_WARN_INFINITE_RECURSION = YES;
				CLANG_WARN_INT_CONVERSION = YES;
				CLANG_WARN_NON_LITERAL_NULL_CONVERSION = YES;
				CLANG_WARN_OBJC_IMPLICIT_RETAIN_SELF = YES;
				CLANG_WARN_OBJC_LITERAL_CONVERSION = YES;
				CLANG_WARN_OBJC_ROOT_CLASS = YES_ERROR;
				CLANG_WARN_QUOTED_INCLUDE_IN_FRAMEWORK_HEADER = YES;
				CLANG_WARN_RANGE_LOOP_ANALYSIS = YES;
				CLANG_WARN_STRICT_PROTOTYPES = YES;
				CLANG_WARN_SUSPICIOUS_MOVE = YES;
				CLANG_WARN_UNGUARDED_AVAILABILITY = YES_AGGRESSIVE;
				CLANG_WARN_UNREACHABLE_CODE = YES;
				CLANG_WARN__DUPLICATE_METHOD_MATCH = YES;
				COPY_PHASE_STRIP = NO;
				DEBUG_INFORMATION_FORMAT = "dwarf-with-dsym";
				ENABLE_NS_ASSERTIONS = NO;
				ENABLE_STRICT_OBJC_MSGSEND = YES;
				GCC_C_LANGUAGE_STANDARD = gnu11;
				GCC_NO_COMMON_BLOCKS = YES;
				GCC_WARN_64_TO_32_BIT_CONVERSION = YES;
				GCC_WARN_ABOUT_RETURN_TYPE = YES_ERROR;
				GCC_WARN_UNDECLARED_SELECTOR = YES;
				GCC_WARN_UNINITIALIZED_AUTOS = YES_AGGRESSIVE;
				GCC_WARN_UNUSED_FUNCTION = YES;
				GCC_WARN_UNUSED_VARIABLE = YES;
				IPHONEOS_DEPLOYMENT_TARGET = 16.0;
				MTL_ENABLE_DEBUG_INFO = NO;
				MTL_FAST_MATH = YES;
				SDKROOT = iphoneos;
				SWIFT_COMPILATION_MODE = wholemodule;
				SWIFT_OPTIMIZATION_LEVEL = "-O";
				VALIDATE_PRODUCT = YES;
			};
			name = Release;
		};
		D0DC467E2A92699F0097CFF3 /* Debug */ = {
			isa = XCBuildConfiguration;
			buildSettings = {
				ASSETCATALOG_COMPILER_ALTERNATE_APPICON_NAMES = "AppIconBlack AppIconGradient";
				ASSETCATALOG_COMPILER_APPICON_NAME = AppIcon;
				ASSETCATALOG_COMPILER_GLOBAL_ACCENT_COLOR_NAME = AccentColor;
				ASSETCATALOG_COMPILER_INCLUDE_ALL_APPICON_ASSETS = YES;
				CODE_SIGN_STYLE = Automatic;
				CURRENT_PROJECT_VERSION = 1;
				DEVELOPMENT_ASSET_PATHS = "\"Datify-iOS-Core/Preview Content\"";
				DEVELOPMENT_TEAM = 2S52Q5VDX5;
				ENABLE_PREVIEWS = YES;
				GENERATE_INFOPLIST_FILE = YES;
				INFOPLIST_KEY_CFBundleDisplayName = Datify;
				INFOPLIST_KEY_NSLocationWhenInUseUsageDescription = "Our geolocation-based dating app helps you find suitable partners both in your local area and beyond. We utilize geopositioning to generate more precise and personalized recommendations, taking your location into consideration.";
				INFOPLIST_KEY_UIApplicationSceneManifest_Generation = YES;
				INFOPLIST_KEY_UIApplicationSupportsIndirectInputEvents = YES;
				INFOPLIST_KEY_UILaunchScreen_Generation = YES;
				INFOPLIST_KEY_UISupportedInterfaceOrientations = UIInterfaceOrientationPortrait;
				LD_RUNPATH_SEARCH_PATHS = (
					"$(inherited)",
					"@executable_path/Frameworks",
				);
				MARKETING_VERSION = 1.0;
				PRODUCT_BUNDLE_IDENTIFIER = "com.a.pride.Datify-iOS-Core";
				PRODUCT_NAME = "$(TARGET_NAME)";
				SUPPORTED_PLATFORMS = "iphoneos iphonesimulator";
				SUPPORTS_MACCATALYST = NO;
				SUPPORTS_MAC_DESIGNED_FOR_IPHONE_IPAD = NO;
				SWIFT_EMIT_LOC_STRINGS = YES;
				SWIFT_VERSION = 5.0;
				TARGETED_DEVICE_FAMILY = "1,2";
			};
			name = Debug;
		};
		D0DC467F2A92699F0097CFF3 /* Release */ = {
			isa = XCBuildConfiguration;
			buildSettings = {
				ASSETCATALOG_COMPILER_ALTERNATE_APPICON_NAMES = "AppIconBlack AppIconGradient";
				ASSETCATALOG_COMPILER_APPICON_NAME = AppIcon;
				ASSETCATALOG_COMPILER_GLOBAL_ACCENT_COLOR_NAME = AccentColor;
				ASSETCATALOG_COMPILER_INCLUDE_ALL_APPICON_ASSETS = YES;
				CODE_SIGN_STYLE = Automatic;
				CURRENT_PROJECT_VERSION = 1;
				DEVELOPMENT_ASSET_PATHS = "\"Datify-iOS-Core/Preview Content\"";
				DEVELOPMENT_TEAM = 2S52Q5VDX5;
				ENABLE_PREVIEWS = YES;
				GENERATE_INFOPLIST_FILE = YES;
				INFOPLIST_KEY_CFBundleDisplayName = Datify;
				INFOPLIST_KEY_NSLocationWhenInUseUsageDescription = "Our geolocation-based dating app helps you find suitable partners both in your local area and beyond. We utilize geopositioning to generate more precise and personalized recommendations, taking your location into consideration.";
				INFOPLIST_KEY_UIApplicationSceneManifest_Generation = YES;
				INFOPLIST_KEY_UIApplicationSupportsIndirectInputEvents = YES;
				INFOPLIST_KEY_UILaunchScreen_Generation = YES;
				INFOPLIST_KEY_UISupportedInterfaceOrientations = UIInterfaceOrientationPortrait;
				LD_RUNPATH_SEARCH_PATHS = (
					"$(inherited)",
					"@executable_path/Frameworks",
				);
				MARKETING_VERSION = 1.0;
				PRODUCT_BUNDLE_IDENTIFIER = "com.a.pride.Datify-iOS-Core";
				PRODUCT_NAME = "$(TARGET_NAME)";
				SUPPORTED_PLATFORMS = "iphoneos iphonesimulator";
				SUPPORTS_MACCATALYST = NO;
				SUPPORTS_MAC_DESIGNED_FOR_IPHONE_IPAD = NO;
				SWIFT_EMIT_LOC_STRINGS = YES;
				SWIFT_VERSION = 5.0;
				TARGETED_DEVICE_FAMILY = "1,2";
			};
			name = Release;
		};
		D0DC46812A92699F0097CFF3 /* Debug */ = {
			isa = XCBuildConfiguration;
			buildSettings = {
				ALWAYS_EMBED_SWIFT_STANDARD_LIBRARIES = YES;
				BUNDLE_LOADER = "$(TEST_HOST)";
				CODE_SIGN_STYLE = Automatic;
				CURRENT_PROJECT_VERSION = 1;
				DEVELOPMENT_TEAM = 2S52Q5VDX5;
				GENERATE_INFOPLIST_FILE = YES;
				IPHONEOS_DEPLOYMENT_TARGET = 16.0;
				MARKETING_VERSION = 1.0;
				PRODUCT_BUNDLE_IDENTIFIER = "com.a.pride.Datify-iOS-CoreTests";
				PRODUCT_NAME = "$(TARGET_NAME)";
				SWIFT_EMIT_LOC_STRINGS = NO;
				SWIFT_VERSION = 5.0;
				TARGETED_DEVICE_FAMILY = "1,2";
				TEST_HOST = "$(BUILT_PRODUCTS_DIR)/Datify-iOS-Core.app/$(BUNDLE_EXECUTABLE_FOLDER_PATH)/Datify-iOS-Core";
			};
			name = Debug;
		};
		D0DC46822A92699F0097CFF3 /* Release */ = {
			isa = XCBuildConfiguration;
			buildSettings = {
				ALWAYS_EMBED_SWIFT_STANDARD_LIBRARIES = YES;
				BUNDLE_LOADER = "$(TEST_HOST)";
				CODE_SIGN_STYLE = Automatic;
				CURRENT_PROJECT_VERSION = 1;
				DEVELOPMENT_TEAM = 2S52Q5VDX5;
				GENERATE_INFOPLIST_FILE = YES;
				IPHONEOS_DEPLOYMENT_TARGET = 16.0;
				MARKETING_VERSION = 1.0;
				PRODUCT_BUNDLE_IDENTIFIER = "com.a.pride.Datify-iOS-CoreTests";
				PRODUCT_NAME = "$(TARGET_NAME)";
				SWIFT_EMIT_LOC_STRINGS = NO;
				SWIFT_VERSION = 5.0;
				TARGETED_DEVICE_FAMILY = "1,2";
				TEST_HOST = "$(BUILT_PRODUCTS_DIR)/Datify-iOS-Core.app/$(BUNDLE_EXECUTABLE_FOLDER_PATH)/Datify-iOS-Core";
			};
			name = Release;
		};
		D0DC46842A92699F0097CFF3 /* Debug */ = {
			isa = XCBuildConfiguration;
			buildSettings = {
				ALWAYS_EMBED_SWIFT_STANDARD_LIBRARIES = YES;
				CODE_SIGN_STYLE = Automatic;
				CURRENT_PROJECT_VERSION = 1;
				DEVELOPMENT_TEAM = 2S52Q5VDX5;
				GENERATE_INFOPLIST_FILE = YES;
				MARKETING_VERSION = 1.0;
				PRODUCT_BUNDLE_IDENTIFIER = "com.a.pride.Datify-iOS-CoreUITests";
				PRODUCT_NAME = "$(TARGET_NAME)";
				SWIFT_EMIT_LOC_STRINGS = NO;
				SWIFT_VERSION = 5.0;
				TARGETED_DEVICE_FAMILY = "1,2";
				TEST_TARGET_NAME = "Datify-iOS-Core";
			};
			name = Debug;
		};
		D0DC46852A92699F0097CFF3 /* Release */ = {
			isa = XCBuildConfiguration;
			buildSettings = {
				ALWAYS_EMBED_SWIFT_STANDARD_LIBRARIES = YES;
				CODE_SIGN_STYLE = Automatic;
				CURRENT_PROJECT_VERSION = 1;
				DEVELOPMENT_TEAM = 2S52Q5VDX5;
				GENERATE_INFOPLIST_FILE = YES;
				MARKETING_VERSION = 1.0;
				PRODUCT_BUNDLE_IDENTIFIER = "com.a.pride.Datify-iOS-CoreUITests";
				PRODUCT_NAME = "$(TARGET_NAME)";
				SWIFT_EMIT_LOC_STRINGS = NO;
				SWIFT_VERSION = 5.0;
				TARGETED_DEVICE_FAMILY = "1,2";
				TEST_TARGET_NAME = "Datify-iOS-Core";
			};
			name = Release;
		};
/* End XCBuildConfiguration section */

/* Begin XCConfigurationList section */
		D0DC46542A92699C0097CFF3 /* Build configuration list for PBXProject "Datify-iOS-Core" */ = {
			isa = XCConfigurationList;
			buildConfigurations = (
				D0DC467B2A92699F0097CFF3 /* Debug */,
				D0DC467C2A92699F0097CFF3 /* Release */,
			);
			defaultConfigurationIsVisible = 0;
			defaultConfigurationName = Release;
		};
		D0DC467D2A92699F0097CFF3 /* Build configuration list for PBXNativeTarget "Datify-iOS-Core" */ = {
			isa = XCConfigurationList;
			buildConfigurations = (
				D0DC467E2A92699F0097CFF3 /* Debug */,
				D0DC467F2A92699F0097CFF3 /* Release */,
			);
			defaultConfigurationIsVisible = 0;
			defaultConfigurationName = Release;
		};
		D0DC46802A92699F0097CFF3 /* Build configuration list for PBXNativeTarget "Datify-iOS-CoreTests" */ = {
			isa = XCConfigurationList;
			buildConfigurations = (
				D0DC46812A92699F0097CFF3 /* Debug */,
				D0DC46822A92699F0097CFF3 /* Release */,
			);
			defaultConfigurationIsVisible = 0;
			defaultConfigurationName = Release;
		};
		D0DC46832A92699F0097CFF3 /* Build configuration list for PBXNativeTarget "Datify-iOS-CoreUITests" */ = {
			isa = XCConfigurationList;
			buildConfigurations = (
				D0DC46842A92699F0097CFF3 /* Debug */,
				D0DC46852A92699F0097CFF3 /* Release */,
			);
			defaultConfigurationIsVisible = 0;
			defaultConfigurationName = Release;
		};
/* End XCConfigurationList section */

/* Begin XCRemoteSwiftPackageReference section */
		4A4CE2F92A9F093C0098FF80 /* XCRemoteSwiftPackageReference "SwiftLint" */ = {
			isa = XCRemoteSwiftPackageReference;
			repositoryURL = "https://github.com/realm/SwiftLint/";
			requirement = {
				kind = upToNextMajorVersion;
				minimumVersion = 0.52.4;
			};
		};
/* End XCRemoteSwiftPackageReference section */
	};
	rootObject = D0DC46512A92699C0097CFF3 /* Project object */;
}
